{
  "pins" : [
    {
      "identity" : "terraios",
      "kind" : "remoteSourceControl",
      "location" : "https://github.com/tryterra/TerraiOS.git",
      "state" : {
        "revision" : "b5a17a50a6166c798e887861969ad81594cabbd9",
        "version" : "1.1.0"
      }
    },
    {
      "identity" : "tvdevicelibios",
      "kind" : "remoteSourceControl",
      "location" : "https://github.com/tvipadmin/tvDeviceLibiOS",
      "state" : {
        "branch" : "tvSDKSandbox",
        "revision" : "43157382bb85fda2ceab72125010b0cd7d83fa9e"
      }
    }
  ],
  "version" : 2
}
